<?xml version="1.0" encoding="utf-8"?>
<Project ToolsVersion="4.0" xmlns="http://schemas.microsoft.com/developer/msbuild/2003">
  <ItemGroup>
    <ClCompile Include="src/AssetManager.cpp">
      <Filter>Source</Filter>
    </ClCompile>
    <ClCompile Include="src/GameDefaults.cpp">
      <Filter>Source</Filter>
    </ClCompile>
    <ClCompile Include="src/GameLevel.cpp">
      <Filter>Source</Filter>
    </ClCompile>
    <ClCompile Include="src/GameLoop.cpp">
      <Filter>Source</Filter>
    </ClCompile>
    <ClCompile Include="src/GameObject.cpp">
      <Filter>Source</Filter>
    </ClCompile>
    <ClCompile Include="src/GameStateManager.cpp">
      <Filter>Source</Filter>
    </ClCompile>
    <ClCompile Include="src/Level1.cpp">
      <Filter>Source</Filter>
    </ClCompile>
    <ClCompile Include="src/RenderManager.cpp">
      <Filter>Source</Filter>
    </ClCompile>
    <ClCompile Include="src/ScreenGrid.cpp">
      <Filter>Source</Filter>
    </ClCompile>
    <ClCompile Include="src/stdafx.cpp">
      <Filter>Source</Filter>
    </ClCompile>
    <ClCompile Include="src/Wave.cpp">
      <Filter>Source</Filter>
    </ClCompile>
    <ClCompile Include="src/Animation.cpp">
      <Filter>Source\Proto</Filter>
    </ClCompile>
    <ClCompile Include="src/Character.cpp">
      <Filter>Source\Proto</Filter>
    </ClCompile>
    <ClCompile Include="src/Controls.cpp">
      <Filter>Source\Proto</Filter>
    </ClCompile>
    <ClCompile Include="src/GameManager.cpp">
      <Filter>Source\Proto</Filter>
    </ClCompile>
    <ClCompile Include="src/Physics.cpp">
      <Filter>Source\Proto</Filter>
    </ClCompile>
    <ClCompile Include="src/Scene.cpp">
      <Filter>Source\Proto</Filter>
    </ClCompile>
  </ItemGroup>
  <ItemGroup>
    <ClInclude Include="include/AssetManager.h">
      <Filter>Headers</Filter>
    </ClInclude>
    <ClInclude Include="include/GameDefaults.h">
      <Filter>Headers</Filter>
    </ClInclude>
    <ClInclude Include="include/GameLevel.h">
      <Filter>Headers</Filter>
    </ClInclude>
    <ClInclude Include="include/GameObject.h">
      <Filter>Headers</Filter>
    </ClInclude>
    <ClInclude Include="include/GameStateManager.h">
      <Filter>Headers</Filter>
    </ClInclude>
    <ClInclude Include="include/Level1.h">
      <Filter>Headers</Filter>
    </ClInclude>
    <ClInclude Include="include/RenderManager.h">
      <Filter>Headers</Filter>
    </ClInclude>
    <ClInclude Include="include/resource.h">
      <Filter>Headers</Filter>
    </ClInclude>
    <ClInclude Include="include/ScreenGrid.h">
      <Filter>Headers</Filter>
    </ClInclude>
    <ClInclude Include="include/stdafx.h">
      <Filter>Headers</Filter>
    </ClInclude>
    <ClInclude Include="include/Wave.h">
      <Filter>Headers</Filter>
    </ClInclude>
    <ClInclude Include="include/Animation.h">
      <Filter>Headers\Proto</Filter>
    </ClInclude>
    <ClInclude Include="include/Character.h">
      <Filter>Headers\Proto</Filter>
    </ClInclude>
    <ClInclude Include="include/Controls.h">
      <Filter>Headers\Proto</Filter>
    </ClInclude>
    <ClInclude Include="include/GameManager.h">
      <Filter>Headers\Proto</Filter>
    </ClInclude>
    <ClInclude Include="include/Physics.h">
      <Filter>Headers\Proto</Filter>
    </ClInclude>
    <ClInclude Include="include/Scene.h">
      <Filter>Headers\Proto</Filter>
    </ClInclude>
  </ItemGroup>
  <ItemGroup>
    <Media Include="assets/audio/explosion-4.wav">
      <Filter>Ressources</Filter>
    </Media>
    <Media Include="assets/audio/Fairlight.wav">
      <Filter>Ressources</Filter>
    </Media>
    <Media Include="assets/audio/Fortress_Instrumental.wav">
      <Filter>Ressources</Filter>
    </Media>
    <Media Include="assets/audio/space-engine.wav">
      <Filter>Ressources</Filter>
    </Media>
    <Media Include="assets/audio/Spacerace.wav">
      <Filter>Ressources</Filter>
    </Media>
    <Media Include="assets/audio/warpdrive02.wav">
      <Filter>Ressources</Filter>
    </Media>
  </ItemGroup>
  <ItemGroup>
    <Image Include="assets/images/EnemyShip.bmp">
      <Filter>Ressources</Filter>
    </Image>
    <Image Include="assets/images/Planet1.bmp">
      <Filter>Ressources</Filter>
    </Image>
    <Image Include="assets/images/Planet2.bmp">
      <Filter>Ressources</Filter>
    </Image>
    <Image Include="assets/images/Planet3.bmp">
      <Filter>Ressources</Filter>
    </Image>
    <Image Include="assets/images/SectorBackground.bmp">
      <Filter>Ressources</Filter>
    </Image>
    <Image Include="assets/images/ShipBase.bmp">
      <Filter>Ressources</Filter>
    </Image>
    <Image Include="assets/images/ShipDetail.bmp">
      <Filter>Ressources</Filter>
    </Image>
  </ItemGroup>
  <ItemGroup>
    <Filter Include="Headers">
      <UniqueIdentifier>{8b941add-7614-4dfa-8864-f9e485ecb157}</UniqueIdentifier>
    </Filter>
    <Filter Include="Source">
      <UniqueIdentifier>{81eef51c-5084-430b-a2b7-93bba54fa532}</UniqueIdentifier>
    </Filter>
    <Filter Include="Ressources">
      <UniqueIdentifier>{945694fa-66b0-41ba-8f2c-f4e9f7a65687}</UniqueIdentifier>
    </Filter>
    <Filter Include="Source\Proto">
      <UniqueIdentifier>{c045f2ec-3a2d-4102-843c-7fdd19bf6f7a}</UniqueIdentifier>
    </Filter>
    <Filter Include="Headers\Proto">
      <UniqueIdentifier>{6272f659-81a8-482b-8f4b-55d8a366c6ce}</UniqueIdentifier>
    </Filter>
  </ItemGroup>
</Project>